
Microsoft Visual Studio Solution File, Format Version 12.00
# Visual Studio Version 16
VisualStudioVersion = 16.0.32228.343
MinimumVisualStudioVersion = 10.0.40219.1
Project("{9A19103F-16F7-4668-BE54-9A1E7A4F7556}") = "Xray", "Xray.csproj", "{751EDD65-F191-4B10-B0F7-A3D6E5851110}"
EndProject
Global
	GlobalSection(SolutionConfigurationPlatforms) = preSolution
		Debug|Any CPU = Debug|Any CPU
		Release|Any CPU = Release|Any CPU
	EndGlobalSection
	GlobalSection(ProjectConfigurationPlatforms) = postSolution
		{751EDD65-F191-4B10-B0F7-A3D6E5851110}.Debug|Any CPU.ActiveCfg = Debug|Any CPU
		{751EDD65-F191-4B10-B0F7-A3D6E5851110}.Debug|Any CPU.Build.0 = Debug|Any CPU
		{751EDD65-F191-4B10-B0F7-A3D6E5851110}.Release|Any CPU.ActiveCfg = Release|Any CPU
		{751EDD65-F191-4B10-B0F7-A3D6E5851110}.Release|Any CPU.Build.0 = Release|Any CPU
	EndGlobalSection
	GlobalSection(SolutionProperties) = preSolution
		HideSolutionNode = FALSE
	EndGlobalSection
	GlobalSection(ExtensibilityGlobals) = postSolution
		SolutionGuid = {DAAF5F3D-A486-4D19-BB75-FC37632B222A}
	EndGlobalSection
EndGlobal
